Microsoft Visual Studio Solution File, Format Version 11.00
# Visual Studio 2008

Project("{1CA26132-C333-58F8-EC40-0BB898694CBF}") = "MateMe", "Assembly-CSharp.csproj", "{5CC374E9-EDBB-C3DD-6C05-B019A99EDE15}"
EndProject
Global
	GlobalSection(SolutionConfigurationPlatforms) = preSolution
		Debug|Any CPU = Debug|Any CPU
		Release|Any CPU = Release|Any CPU
	EndGlobalSection
	GlobalSection(ProjectConfigurationPlatforms) = postSolution
		{5CC374E9-EDBB-C3DD-6C05-B019A99EDE15}.Debug|Any CPU.ActiveCfg = Debug|Any CPU
		{5CC374E9-EDBB-C3DD-6C05-B019A99EDE15}.Debug|Any CPU.Build.0 = Debug|Any CPU
		{5CC374E9-EDBB-C3DD-6C05-B019A99EDE15}.Release|Any CPU.ActiveCfg = Release|Any CPU
		{5CC374E9-EDBB-C3DD-6C05-B019A99EDE15}.Release|Any CPU.Build.0 = Release|Any CPU
	EndGlobalSection
	GlobalSection(SolutionProperties) = preSolution
		HideSolutionNode = FALSE
	EndGlobalSection
	GlobalSection(MonoDevelopProperties) = preSolution
		StartupItem = Assembly-CSharp.csproj
	EndGlobalSection
EndGlobal
